github.com/gethugothemes/hugo-modules/accordion v0.0.0-20241203025515-30ad48e108af h1:BKOdMWtcCh5Y2JHFSP+dro2UF+XVF0nabPs6BbW2PVA=
github.com/gethugothemes/hugo-modules/accordion v0.0.0-20241203025515-30ad48e108af/go.mod h1:D4DpauKPDcUHI9CVKYmJeO6bkSJIhUN864TyXZ2o0VI=
github.com/gethugothemes/hugo-modules/adsense v0.0.0-20241203025515-30ad48e108af h1:uOQnQxbGsdk+9qv82ywBOjFM7tNqpRJ5q/zwPoKa47g=
github.com/gethugothemes/hugo-modules/adsense v0.0.0-20241203025515-30ad48e108af/go.mod h1:8p/gG/cyyu20z4q5cFN/JGE5TOFA55Xsp+aIP9KCsqo=
github.com/gethugothemes/hugo-modules/components/announcement v0.0.0-20241203025515-30ad48e108af h1:95fXh9+4izMRy4lA7glneRzHqx/h/TaSClMEPjbIbr0=
github.com/gethugothemes/hugo-modules/components/announcement v0.0.0-20241203025515-30ad48e108af/go.mod h1:BO6vbFLvEgb45epi/QtUkQmTyqsWSwxIqTpwDvqJFHk=
github.com/gethugothemes/hugo-modules/components/cookie-consent v0.0.0-20241203025515-30ad48e108af h1:Owo5zuGDtyVq7tPnrVkIw9ZrOlZ9WmeF02j/vr7HDXA=
github.com/gethugothemes/hugo-modules/components/cookie-consent v0.0.0-20241203025515-30ad48e108af/go.mod h1:511ERLpGe3ZTfV2z/NAtUSR5NqKF26h9z5lU/zYV4YQ=
github.com/gethugothemes/hugo-modules/components/custom-script v0.0.0-20241203025515-30ad48e108af h1:sXUttxoEzLtBQn5kyLXSaKgkoUWsLRBEqLmiQQM5OE8=
github.com/gethugothemes/hugo-modules/components/custom-script v0.0.0-20241203025515-30ad48e108af/go.mod h1:RuDHq4WnK8sNEzAIJr4BZQ7oXhzcct/EKaAxc2Xvi9E=
github.com/gethugothemes/hugo-modules/components/preloader v0.0.0-20241203025515-30ad48e108af h1:wkLLKC6kqmqkFiim7Ra/EyhFeXRpCzpwB39vplwK48g=
github.com/gethugothemes/hugo-modules/components/preloader v0.0.0-20241203025515-30ad48e108af/go.mod h1:FP0iQ3tMOesuWFZhLst2KEvUEYPb5Jk1GW+QBP9lrwg=
github.com/gethugothemes/hugo-modules/components/render-link v0.0.0-20241203025515-30ad48e108af h1:r1oaQE3qKbxpnGkadJ44CbBL38a7mERdh29rpp+L6HU=
github.com/gethugothemes/hugo-modules/components/render-link v0.0.0-20241203025515-30ad48e108af/go.mod h1:z3YcIeEBUonAoRDY1/Jv1ojNVkZ5ud35a0Nn8L4Inx0=
github.com/gethugothemes/hugo-modules/components/social-share v0.0.0-20241203025515-30ad48e108af h1:6Z/O/H17a5DsCLftYcg4uXOImRaWcL9Q3zpGPc5WsLk=
github.com/gethugothemes/hugo-modules/components/social-share v0.0.0-20241203025515-30ad48e108af/go.mod h1:Gcj4RM/EBECsJMZnPeWjfy/1roRYGqzV9GYNmeHkvFA=
github.com/gethugothemes/hugo-modules/gallery-slider v0.0.0-20241203025515-30ad48e108af h1:OINZWShrLd4fEz4lHElC3cal8wJ9rdcv4gA//b08lfI=
github.com/gethugothemes/hugo-modules/gallery-slider v0.0.0-20241203025515-30ad48e108af/go.mod h1:MvQ2js/ofZ22CTX5wuvE+dC0rMe6C5HAWL2fEOu/yzE=
github.com/gethugothemes/hugo-modules/gzip-caching v0.0.0-20241203025515-30ad48e108af h1:2la+2KeEK7pGdzZJjdD6fngslGlh8u0HE9z2rpYs30Y=
github.com/gethugothemes/hugo-modules/gzip-caching v0.0.0-20241203025515-30ad48e108af/go.mod h1:0ZMjTZVG4XLZU2/icc8Saqo4mmgMpfRTrUZU2Aa2Pwg=
github.com/gethugothemes/hugo-modules/icons/font-awesome v0.0.0-20241203025515-30ad48e108af h1:ceZBUvcyPmwtjQd/p3AO8NH+NvqZRbb1x12s8ajBXGE=
github.com/gethugothemes/hugo-modules/icons/font-awesome v0.0.0-20241203025515-30ad48e108af/go.mod h1:d3gy1vQyfasPmGpau7HpQLrXbOv23PfXclSnjyOBxeU=
github.com/gethugothemes/hugo-modules/images v0.0.0-20241203025515-30ad48e108af h1:cfoNp7MYX5c+FHAPNQXzJ2+nFwHC/FhVg1qc6K+PYnA=
github.com/gethugothemes/hugo-modules/images v0.0.0-20241203025515-30ad48e108af/go.mod h1:FKliP3qOW9diIcQeLtyZ0Hdhg3PL8bdAkC/6O+XtU90=
github.com/gethugothemes/hugo-modules/modal v0.0.0-20241203025515-30ad48e108af h1:i6hTFisVjyaFOTfLXQyevWU1lunkebKS0r3X2l8is9s=
github.com/gethugothemes/hugo-modules/modal v0.0.0-20241203025515-30ad48e108af/go.mod h1:Eb9v7oV6biymfvjcBhQdvgn0gUGYhUtfCMeOBLFpFsk=
github.com/gethugothemes/hugo-modules/pwa v0.0.0-20241203025515-30ad48e108af h1:ZK/vYTlvtYS2uuL7CuBsU86CT3hxcb7m4JP6XVTfGXE=
github.com/gethugothemes/hugo-modules/pwa v0.0.0-20241203025515-30ad48e108af/go.mod h1:TRv7iszdfo37O1PbBEE+S8X/enAdpRIxK5DGrp13Qbo=
github.com/gethugothemes/hugo-modules/search v0.0.0-20241203025515-30ad48e108af h1:y34PIWeozEOhI9y1PSPFRRE4qI18NeH+baoNSIIykto=
github.com/gethugothemes/hugo-modules/search v0.0.0-20241203025515-30ad48e108af/go.mod h1:tmDvLaZCM+QDvS/WLZXNjY1QTdWh7/68D2wIToECbyA=
github.com/gethugothemes/hugo-modules/seo-tools/basic-seo v0.0.0-20241203025515-30ad48e108af h1:rzYGRacELVJHCMCzdIOdNvJIloHMBedr5cqA88+q2Bc=
github.com/gethugothemes/hugo-modules/seo-tools/basic-seo v0.0.0-20241203025515-30ad48e108af/go.mod h1:Q8dPgjamV7pxwKSQyWV21Xwh5CGi23/k+M8HPTphYbs=
github.com/gethugothemes/hugo-modules/seo-tools/google-tag-manager v0.0.0-20241203025515-30ad48e108af h1:s1S3dV9+Or5Nxyzbnnj76HjiTSanjTuBZCoIRcsmA7c=
github.com/gethugothemes/hugo-modules/seo-tools/google-tag-manager v0.0.0-20241203025515-30ad48e108af/go.mod h1:cCq50yd55eFTrpqOfeyOK5X0hU5E7qxsqOD7IzTsgLA=
github.com/gethugothemes/hugo-modules/seo-tools/site-verifications v0.0.0-20241203025515-30ad48e108af h1:387cVhn1rRFcPOF08PhwEMkcVX+ejVtYiGqIb2T2yO0=
github.com/gethugothemes/hugo-modules/seo-tools/site-verifications v0.0.0-20241203025515-30ad48e108af/go.mod h1:iXielaya126qJscz7Bc2G2WB91moloQOoWru6UoBUyE=
github.com/gethugothemes/hugo-modules/shortcodes/button v0.0.0-20241203025515-30ad48e108af h1:zODP9FSDW5glAEqa7fqlHoLEuYEl92Gve9l/AS/PAxw=
github.com/gethugothemes/hugo-modules/shortcodes/button v0.0.0-20241203025515-30ad48e108af/go.mod h1:MSvxGvjvcGUKTs6YMATU/9kYFrzW+VSVdy4CCOQLdsY=
github.com/gethugothemes/hugo-modules/shortcodes/notice v0.0.0-20241203025515-30ad48e108af h1:C9l6Pt+kct4DNVutlsA/ReeUeX1/0Er0Z9FC3wV76rU=
github.com/gethugothemes/hugo-modules/shortcodes/notice v0.0.0-20241203025515-30ad48e108af/go.mod h1:ljWyMJx82WA+6SlKjbGFhEdxcriyvUTCjXkJHDa4lho=
github.com/gethugothemes/hugo-modules/tab v0.0.0-20241203025515-30ad48e108af h1:lTPbrX64anlDcOoudNgKa1z/1MWQdiCvSgwG1hL0lr4=
github.com/gethugothemes/hugo-modules/tab v0.0.0-20241203025515-30ad48e108af/go.mod h1:h3UxlxrFoU19JldxWLPBKaTZFe3AJtABrqo1wfxr+Ng=
github.com/gethugothemes/hugo-modules/table-of-contents v0.0.0-20241203025515-30ad48e108af h1:bRd3GgHYKV0CiSvWHb5PDWmcI71u9kV7UlcUdQq7KGs=
github.com/gethugothemes/hugo-modules/table-of-contents v0.0.0-20241203025515-30ad48e108af/go.mod h1:bEDw4veccQQQYEdVrfu13ATRUWfW8ptDIjJZuhYh4Tw=
github.com/gethugothemes/hugo-modules/videos v0.0.0-20241203025515-30ad48e108af h1:YRzew4SPe/8wf5rNWGf1pp2Oh2x2l0aoK1h8Lqg0W9s=
github.com/gethugothemes/hugo-modules/videos v0.0.0-20241203025515-30ad48e108af/go.mod h1:P722lLWdnNhdZVq6gvMrOLqECUwrAYQWaOWlChta5H0=
github.com/hugomods/mermaid v0.1.4 h1:/u0FZRSBMpqTbDh4XPBL7c6p0DUjvIkoo9cC89GASSI=
github.com/hugomods/mermaid v0.1.4/go.mod h1:GOID2Ko1vdrX03ZMaFNQL/vdTU1tZmGcVjOgBN8O42Y=
github.com/zeon-studio/hugoplate v0.0.0-20241203091903-bf5613de8b39 h1:lOdY3wufyj4q+MBFtZj6XqGAxmaSxH9C065AexHFUn0=
github.com/zeon-studio/hugoplate v0.0.0-20241203091903-bf5613de8b39/go.mod h1:YlRIwdTWidquf1dhtx+mDfu0I3KVrVQB4wi4UmHlK3E=
